
Microsoft Visual Studio Solution File, Format Version 12.00
Project("{FAE04EC0-301F-11D3-BF4B-00C04F79EFBC}") = "RavenDecoderCSharp", "RavenDecoderCSharp\RavenDecoderCSharp.csproj", "{C128987B-88D9-4D8F-B843-5E49CC6E94B8}"
EndProject
Global
	GlobalSection(SolutionConfigurationPlatforms) = preSolution
		Debug|Any CPU = Debug|Any CPU
		Release|Any CPU = Release|Any CPU
	EndGlobalSection
	GlobalSection(ProjectConfigurationPlatforms) = postSolution
		{C128987B-88D9-4D8F-B843-5E49CC6E94B8}.Debug|Any CPU.ActiveCfg = Debug|Any CPU
		{C128987B-88D9-4D8F-B843-5E49CC6E94B8}.Debug|Any CPU.Build.0 = Debug|Any CPU
		{C128987B-88D9-4D8F-B843-5E49CC6E94B8}.Release|Any CPU.ActiveCfg = Release|Any CPU
		{C128987B-88D9-4D8F-B843-5E49CC6E94B8}.Release|Any CPU.Build.0 = Release|Any CPU
	EndGlobalSection
EndGlobal
